
Microsoft Visual Studio Solution File, Format Version 12.00
# Visual Studio 15
VisualStudioVersion = 15.0.26430.16
MinimumVisualStudioVersion = 10.0.40219.1
Project("{9A19103F-16F7-4668-BE54-9A1E7A4F7556}") = "DelightfulCode.MemoryCache", "DelightfulCode.MemoryCache\DelightfulCode.MemoryCache.csproj", "{DECF2260-4177-49DF-B9CD-60D81C529E0C}"
EndProject
Project("{FAE04EC0-301F-11D3-BF4B-00C04F79EFBC}") = "DelightfulCode.MemoryCache.Tester", "DelightfulCode.MemoryCache.Tester\DelightfulCode.MemoryCache.Tester.csproj", "{05570B29-01DC-4728-AEBD-4C89A07CBD27}"
EndProject
Global
	GlobalSection(SolutionConfigurationPlatforms) = preSolution
		Debug|Any CPU = Debug|Any CPU
		Release|Any CPU = Release|Any CPU
	EndGlobalSection
	GlobalSection(ProjectConfigurationPlatforms) = postSolution
		{DECF2260-4177-49DF-B9CD-60D81C529E0C}.Debug|Any CPU.ActiveCfg = Debug|Any CPU
		{DECF2260-4177-49DF-B9CD-60D81C529E0C}.Debug|Any CPU.Build.0 = Debug|Any CPU
		{DECF2260-4177-49DF-B9CD-60D81C529E0C}.Release|Any CPU.ActiveCfg = Release|Any CPU
		{DECF2260-4177-49DF-B9CD-60D81C529E0C}.Release|Any CPU.Build.0 = Release|Any CPU
		{05570B29-01DC-4728-AEBD-4C89A07CBD27}.Debug|Any CPU.ActiveCfg = Debug|Any CPU
		{05570B29-01DC-4728-AEBD-4C89A07CBD27}.Debug|Any CPU.Build.0 = Debug|Any CPU
		{05570B29-01DC-4728-AEBD-4C89A07CBD27}.Release|Any CPU.ActiveCfg = Release|Any CPU
		{05570B29-01DC-4728-AEBD-4C89A07CBD27}.Release|Any CPU.Build.0 = Release|Any CPU
	EndGlobalSection
	GlobalSection(SolutionProperties) = preSolution
		HideSolutionNode = FALSE
	EndGlobalSection
EndGlobal
